// !$*UTF8*$!
{
	archiveVersion = 1;
	classes = {
	};
	objectVersion = 56;
	objects = {

/* Begin PBXBuildFile section */
		4F15A4A929E7F53A004085C4 /* RootScreenFactory.swift in Sources */ = {isa = PBXBuildFile; fileRef = 4F15A4A829E7F53A004085C4 /* RootScreenFactory.swift */; };
		4F15A4AB29E7F559004085C4 /* RootScreenInternalAction.swift in Sources */ = {isa = PBXBuildFile; fileRef = 4F15A4AA29E7F559004085C4 /* RootScreenInternalAction.swift */; };
		4F15A4AD29E7F567004085C4 /* RootScreenController.swift in Sources */ = {isa = PBXBuildFile; fileRef = 4F15A4AC29E7F567004085C4 /* RootScreenController.swift */; };
		4F15A4AF29E7F577004085C4 /* RootScreenView.swift in Sources */ = {isa = PBXBuildFile; fileRef = 4F15A4AE29E7F577004085C4 /* RootScreenView.swift */; };
		4F15A4B129E7F582004085C4 /* RootScreenModel.swift in Sources */ = {isa = PBXBuildFile; fileRef = 4F15A4B029E7F582004085C4 /* RootScreenModel.swift */; };
		4F15A4B329E7F593004085C4 /* RootScreenEngine.swift in Sources */ = {isa = PBXBuildFile; fileRef = 4F15A4B229E7F593004085C4 /* RootScreenEngine.swift */; };
		4F15A4B529E7F862004085C4 /* RootScreenExternalAction.swift in Sources */ = {isa = PBXBuildFile; fileRef = 4F15A4B429E7F862004085C4 /* RootScreenExternalAction.swift */; };
		4F15A4C129E825EF004085C4 /* HomeScreen in Frameworks */ = {isa = PBXBuildFile; productRef = 4F15A4C029E825EF004085C4 /* HomeScreen */; };
		4F2F3A1E29A95A71009A82A8 /* AppDelegate.swift in Sources */ = {isa = PBXBuildFile; fileRef = 4F2F3A1D29A95A71009A82A8 /* AppDelegate.swift */; };
		4F2F3A2029A95A71009A82A8 /* SceneDelegate.swift in Sources */ = {isa = PBXBuildFile; fileRef = 4F2F3A1F29A95A71009A82A8 /* SceneDelegate.swift */; };
		4F2F3A2729A95A73009A82A8 /* Assets.xcassets in Resources */ = {isa = PBXBuildFile; fileRef = 4F2F3A2629A95A73009A82A8 /* Assets.xcassets */; };
		4F2F3A2A29A95A73009A82A8 /* LaunchScreen.storyboard in Resources */ = {isa = PBXBuildFile; fileRef = 4F2F3A2829A95A73009A82A8 /* LaunchScreen.storyboard */; };
		4FB4343829DF670A00C1A1C1 /* Base.swift in Sources */ = {isa = PBXBuildFile; fileRef = 4FB4343729DF670A00C1A1C1 /* Base.swift */; };
/* End PBXBuildFile section */

/* Begin PBXFileReference section */
		4F15A4A829E7F53A004085C4 /* RootScreenFactory.swift */ = {isa = PBXFileReference; lastKnownFileType = sourcecode.swift; path = RootScreenFactory.swift; sourceTree = "<group>"; };
		4F15A4AA29E7F559004085C4 /* RootScreenInternalAction.swift */ = {isa = PBXFileReference; lastKnownFileType = sourcecode.swift; path = RootScreenInternalAction.swift; sourceTree = "<group>"; };
		4F15A4AC29E7F567004085C4 /* RootScreenController.swift */ = {isa = PBXFileReference; lastKnownFileType = sourcecode.swift; path = RootScreenController.swift; sourceTree = "<group>"; };
		4F15A4AE29E7F577004085C4 /* RootScreenView.swift */ = {isa = PBXFileReference; lastKnownFileType = sourcecode.swift; path = RootScreenView.swift; sourceTree = "<group>"; };
		4F15A4B029E7F582004085C4 /* RootScreenModel.swift */ = {isa = PBXFileReference; lastKnownFileType = sourcecode.swift; path = RootScreenModel.swift; sourceTree = "<group>"; };
		4F15A4B229E7F593004085C4 /* RootScreenEngine.swift */ = {isa = PBXFileReference; lastKnownFileType = sourcecode.swift; path = RootScreenEngine.swift; sourceTree = "<group>"; };
		4F15A4B429E7F862004085C4 /* RootScreenExternalAction.swift */ = {isa = PBXFileReference; lastKnownFileType = sourcecode.swift; path = RootScreenExternalAction.swift; sourceTree = "<group>"; };
		4F15A4BE29E82555004085C4 /* HomeScreen */ = {isa = PBXFileReference; lastKnownFileType = wrapper; path = HomeScreen; sourceTree = "<group>"; };
		4F2F3A1A29A95A71009A82A8 /* TESTARCH.app */ = {isa = PBXFileReference; explicitFileType = wrapper.application; includeInIndex = 0; path = TESTARCH.app; sourceTree = BUILT_PRODUCTS_DIR; };
		4F2F3A1D29A95A71009A82A8 /* AppDelegate.swift */ = {isa = PBXFileReference; lastKnownFileType = sourcecode.swift; path = AppDelegate.swift; sourceTree = "<group>"; };
		4F2F3A1F29A95A71009A82A8 /* SceneDelegate.swift */ = {isa = PBXFileReference; lastKnownFileType = sourcecode.swift; path = SceneDelegate.swift; sourceTree = "<group>"; };
		4F2F3A2629A95A73009A82A8 /* Assets.xcassets */ = {isa = PBXFileReference; lastKnownFileType = folder.assetcatalog; path = Assets.xcassets; sourceTree = "<group>"; };
		4F2F3A2929A95A73009A82A8 /* Base */ = {isa = PBXFileReference; lastKnownFileType = file.storyboard; name = Base; path = Base.lproj/LaunchScreen.storyboard; sourceTree = "<group>"; };
		4F2F3A2B29A95A73009A82A8 /* Info.plist */ = {isa = PBXFileReference; lastKnownFileType = text.plist.xml; path = Info.plist; sourceTree = "<group>"; };
		4FB4343729DF670A00C1A1C1 /* Base.swift */ = {isa = PBXFileReference; lastKnownFileType = sourcecode.swift; path = Base.swift; sourceTree = "<group>"; };
/* End PBXFileReference section */

/* Begin PBXFrameworksBuildPhase section */
		4F2F3A1729A95A71009A82A8 /* Frameworks */ = {
			isa = PBXFrameworksBuildPhase;
			buildActionMask = 2147483647;
			files = (
				4F15A4C129E825EF004085C4 /* HomeScreen in Frameworks */,
			);
			runOnlyForDeploymentPostprocessing = 0;
		};
/* End PBXFrameworksBuildPhase section */

/* Begin PBXGroup section */
		4F15A4B629E80023004085C4 /* Actions */ = {
			isa = PBXGroup;
			children = (
				4F15A4B429E7F862004085C4 /* RootScreenExternalAction.swift */,
				4F15A4AA29E7F559004085C4 /* RootScreenInternalAction.swift */,
			);
			path = Actions;
			sourceTree = "<group>";
		};
		4F15A4B729E80598004085C4 /* Factory */ = {
			isa = PBXGroup;
			children = (
				4F15A4A829E7F53A004085C4 /* RootScreenFactory.swift */,
			);
			path = Factory;
			sourceTree = "<group>";
		};
		4F15A4B829E805A1004085C4 /* View */ = {
			isa = PBXGroup;
			children = (
				4F15A4AE29E7F577004085C4 /* RootScreenView.swift */,
			);
			path = View;
			sourceTree = "<group>";
		};
		4F15A4B929E805AA004085C4 /* Controller */ = {
			isa = PBXGroup;
			children = (
				4F15A4AC29E7F567004085C4 /* RootScreenController.swift */,
			);
			path = Controller;
			sourceTree = "<group>";
		};
		4F15A4BA29E805B3004085C4 /* Model */ = {
			isa = PBXGroup;
			children = (
				4F15A4B029E7F582004085C4 /* RootScreenModel.swift */,
			);
			path = Model;
			sourceTree = "<group>";
		};
		4F15A4BB29E80956004085C4 /* Engine */ = {
			isa = PBXGroup;
			children = (
				4F15A4B229E7F593004085C4 /* RootScreenEngine.swift */,
			);
			path = Engine;
			sourceTree = "<group>";
		};
		4F15A4BF29E825EF004085C4 /* Frameworks */ = {
			isa = PBXGroup;
			children = (
			);
			name = Frameworks;
			sourceTree = "<group>";
		};
		4F2F3A1129A95A71009A82A8 = {
			isa = PBXGroup;
			children = (
				4F15A4BE29E82555004085C4 /* HomeScreen */,
				4F2F3A1C29A95A71009A82A8 /* TESTARCH */,
				4F2F3A1B29A95A71009A82A8 /* Products */,
				4F15A4BF29E825EF004085C4 /* Frameworks */,
			);
			sourceTree = "<group>";
		};
		4F2F3A1B29A95A71009A82A8 /* Products */ = {
			isa = PBXGroup;
			children = (
				4F2F3A1A29A95A71009A82A8 /* TESTARCH.app */,
			);
			name = Products;
			sourceTree = "<group>";
		};
		4F2F3A1C29A95A71009A82A8 /* TESTARCH */ = {
			isa = PBXGroup;
			children = (
				4FB4343529DF5D8100C1A1C1 /* Classes */,
				4F2F3A4029A95E67009A82A8 /* Resources */,
				4F2F3A3129A95C57009A82A8 /* Delegate */,
				4F2F3A2829A95A73009A82A8 /* LaunchScreen.storyboard */,
				4F2F3A2B29A95A73009A82A8 /* Info.plist */,
			);
			path = TESTARCH;
			sourceTree = "<group>";
		};
		4F2F3A3129A95C57009A82A8 /* Delegate */ = {
			isa = PBXGroup;
			children = (
				4F2F3A1D29A95A71009A82A8 /* AppDelegate.swift */,
				4F2F3A1F29A95A71009A82A8 /* SceneDelegate.swift */,
			);
			path = Delegate;
			sourceTree = "<group>";
		};
		4F2F3A3D29A95E29009A82A8 /* RootScreen */ = {
			isa = PBXGroup;
			children = (
				4F15A4B729E80598004085C4 /* Factory */,
				4F15A4BA29E805B3004085C4 /* Model */,
				4F15A4B829E805A1004085C4 /* View */,
				4F15A4B929E805AA004085C4 /* Controller */,
				4F15A4BB29E80956004085C4 /* Engine */,
				4F15A4B629E80023004085C4 /* Actions */,
			);
			path = RootScreen;
			sourceTree = "<group>";
		};
		4F2F3A4029A95E67009A82A8 /* Resources */ = {
			isa = PBXGroup;
			children = (
				4FB4343729DF670A00C1A1C1 /* Base.swift */,
				4F2F3A2629A95A73009A82A8 /* Assets.xcassets */,
			);
			path = Resources;
			sourceTree = "<group>";
		};
		4FB4343529DF5D8100C1A1C1 /* Classes */ = {
			isa = PBXGroup;
			children = (
				4F2F3A3D29A95E29009A82A8 /* RootScreen */,
			);
			path = Classes;
			sourceTree = "<group>";
		};
/* End PBXGroup section */

/* Begin PBXNativeTarget section */
		4F2F3A1929A95A71009A82A8 /* TESTARCH */ = {
			isa = PBXNativeTarget;
			buildConfigurationList = 4F2F3A2E29A95A73009A82A8 /* Build configuration list for PBXNativeTarget "TESTARCH" */;
			buildPhases = (
				4F2F3A1629A95A71009A82A8 /* Sources */,
				4F2F3A1729A95A71009A82A8 /* Frameworks */,
				4F2F3A1829A95A71009A82A8 /* Resources */,
			);
			buildRules = (
			);
			dependencies = (
			);
			name = TESTARCH;
			packageProductDependencies = (
				4F15A4C029E825EF004085C4 /* HomeScreen */,
			);
			productName = TESTARCH;
			productReference = 4F2F3A1A29A95A71009A82A8 /* TESTARCH.app */;
			productType = "com.apple.product-type.application";
		};
/* End PBXNativeTarget section */

/* Begin PBXProject section */
		4F2F3A1229A95A71009A82A8 /* Project object */ = {
			isa = PBXProject;
			attributes = {
				BuildIndependentTargetsInParallel = 1;
				LastSwiftUpdateCheck = 1410;
				LastUpgradeCheck = 1410;
				TargetAttributes = {
					4F2F3A1929A95A71009A82A8 = {
						CreatedOnToolsVersion = 14.1;
					};
				};
			};
			buildConfigurationList = 4F2F3A1529A95A71009A82A8 /* Build configuration list for PBXProject "TESTARCH" */;
			compatibilityVersion = "Xcode 14.0";
			developmentRegion = en;
			hasScannedForEncodings = 0;
			knownRegions = (
				en,
				Base,
			);
			mainGroup = 4F2F3A1129A95A71009A82A8;
			productRefGroup = 4F2F3A1B29A95A71009A82A8 /* Products */;
			projectDirPath = "";
			projectRoot = "";
			targets = (
				4F2F3A1929A95A71009A82A8 /* TESTARCH */,
			);
		};
/* End PBXProject section */

/* Begin PBXResourcesBuildPhase section */
		4F2F3A1829A95A71009A82A8 /* Resources */ = {
			isa = PBXResourcesBuildPhase;
			buildActionMask = 2147483647;
			files = (
				4F2F3A2A29A95A73009A82A8 /* LaunchScreen.storyboard in Resources */,
				4F2F3A2729A95A73009A82A8 /* Assets.xcassets in Resources */,
			);
			runOnlyForDeploymentPostprocessing = 0;
		};
/* End PBXResourcesBuildPhase section */

/* Begin PBXSourcesBuildPhase section */
		4F2F3A1629A95A71009A82A8 /* Sources */ = {
			isa = PBXSourcesBuildPhase;
			buildActionMask = 2147483647;
			files = (
				4F15A4A929E7F53A004085C4 /* RootScreenFactory.swift in Sources */,
				4F2F3A1E29A95A71009A82A8 /* AppDelegate.swift in Sources */,
				4F2F3A2029A95A71009A82A8 /* SceneDelegate.swift in Sources */,
				4F15A4AB29E7F559004085C4 /* RootScreenInternalAction.swift in Sources */,
				4F15A4AF29E7F577004085C4 /* RootScreenView.swift in Sources */,
				4FB4343829DF670A00C1A1C1 /* Base.swift in Sources */,
				4F15A4AD29E7F567004085C4 /* RootScreenController.swift in Sources */,
				4F15A4B329E7F593004085C4 /* RootScreenEngine.swift in Sources */,
				4F15A4B529E7F862004085C4 /* RootScreenExternalAction.swift in Sources */,
				4F15A4B129E7F582004085C4 /* RootScreenModel.swift in Sources */,
			);
			runOnlyForDeploymentPostprocessing = 0;
		};
/* End PBXSourcesBuildPhase section */

/* Begin PBXVariantGroup section */
		4F2F3A2829A95A73009A82A8 /* LaunchScreen.storyboard */ = {
			isa = PBXVariantGroup;
			children = (
				4F2F3A2929A95A73009A82A8 /* Base */,
			);
			name = LaunchScreen.storyboard;
			sourceTree = "<group>";
		};
/* End PBXVariantGroup section */

/* Begin XCBuildConfiguration section */
		4F2F3A2C29A95A73009A82A8 /* Debug */ = {
			isa = XCBuildConfiguration;
			buildSettings = {
				ALWAYS_SEARCH_USER_PATHS = NO;
				CLANG_ANALYZER_NONNULL = YES;
				CLANG_ANALYZER_NUMBER_OBJECT_CONVERSION = YES_AGGRESSIVE;
				CLANG_CXX_LANGUAGE_STANDARD = "gnu++20";
				CLANG_ENABLE_MODULES = YES;
				CLANG_ENABLE_OBJC_ARC = YES;
				CLANG_ENABLE_OBJC_WEAK = YES;
				CLANG_WARN_BLOCK_CAPTURE_AUTORELEASING = YES;
				CLANG_WARN_BOOL_CONVERSION = YES;
				CLANG_WARN_COMMA = YES;
				CLANG_WARN_CONSTANT_CONVERSION = YES;
				CLANG_WARN_DEPRECATED_OBJC_IMPLEMENTATIONS = YES;
				CLANG_WARN_DIRECT_OBJC_ISA_USAGE = YES_ERROR;
				CLANG_WARN_DOCUMENTATION_COMMENTS = YES;
				CLANG_WARN_EMPTY_BODY = YES;
				CLANG_WARN_ENUM_CONVERSION = YES;
				CLANG_WARN_INFINITE_RECURSION = YES;
				CLANG_WARN_INT_CONVERSION = YES;
				CLANG_WARN_NON_LITERAL_NULL_CONVERSION = YES;
				CLANG_WARN_OBJC_IMPLICIT_RETAIN_SELF = YES;
				CLANG_WARN_OBJC_LITERAL_CONVERSION = YES;
				CLANG_WARN_OBJC_ROOT_CLASS = YES_ERROR;
				CLANG_WARN_QUOTED_INCLUDE_IN_FRAMEWORK_HEADER = YES;
				CLANG_WARN_RANGE_LOOP_ANALYSIS = YES;
				CLANG_WARN_STRICT_PROTOTYPES = YES;
				CLANG_WARN_SUSPICIOUS_MOVE = YES;
				CLANG_WARN_UNGUARDED_AVAILABILITY = YES_AGGRESSIVE;
				CLANG_WARN_UNREACHABLE_CODE = YES;
				CLANG_WARN__DUPLICATE_METHOD_MATCH = YES;
				COPY_PHASE_STRIP = NO;
				DEBUG_INFORMATION_FORMAT = dwarf;
				ENABLE_STRICT_OBJC_MSGSEND = YES;
				ENABLE_TESTABILITY = YES;
				GCC_C_LANGUAGE_STANDARD = gnu11;
				GCC_DYNAMIC_NO_PIC = NO;
				GCC_NO_COMMON_BLOCKS = YES;
				GCC_OPTIMIZATION_LEVEL = 0;
				GCC_PREPROCESSOR_DEFINITIONS = (
					"DEBUG=1",
					"$(inherited)",
				);
				GCC_WARN_64_TO_32_BIT_CONVERSION = YES;
				GCC_WARN_ABOUT_RETURN_TYPE = YES_ERROR;
				GCC_WARN_UNDECLARED_SELECTOR = YES;
				GCC_WARN_UNINITIALIZED_AUTOS = YES_AGGRESSIVE;
				GCC_WARN_UNUSED_FUNCTION = YES;
				GCC_WARN_UNUSED_VARIABLE = YES;
				IPHONEOS_DEPLOYMENT_TARGET = 16.1;
				MTL_ENABLE_DEBUG_INFO = INCLUDE_SOURCE;
				MTL_FAST_MATH = YES;
				ONLY_ACTIVE_ARCH = YES;
				SDKROOT = iphoneos;
				SWIFT_ACTIVE_COMPILATION_CONDITIONS = DEBUG;
				SWIFT_OPTIMIZATION_LEVEL = "-Onone";
			};
			name = Debug;
		};
		4F2F3A2D29A95A73009A82A8 /* Release */ = {
			isa = XCBuildConfiguration;
			buildSettings = {
				ALWAYS_SEARCH_USER_PATHS = NO;
				CLANG_ANALYZER_NONNULL = YES;
				CLANG_ANALYZER_NUMBER_OBJECT_CONVERSION = YES_AGGRESSIVE;
				CLANG_CXX_LANGUAGE_STANDARD = "gnu++20";
				CLANG_ENABLE_MODULES = YES;
				CLANG_ENABLE_OBJC_ARC = YES;
				CLANG_ENABLE_OBJC_WEAK = YES;
				CLANG_WARN_BLOCK_CAPTURE_AUTORELEASING = YES;
				CLANG_WARN_BOOL_CONVERSION = YES;
				CLANG_WARN_COMMA = YES;
				CLANG_WARN_CONSTANT_CONVERSION = YES;
				CLANG_WARN_DEPRECATED_OBJC_IMPLEMENTATIONS = YES;
				CLANG_WARN_DIRECT_OBJC_ISA_USAGE = YES_ERROR;
				CLANG_WARN_DOCUMENTATION_COMMENTS = YES;
				CLANG_WARN_EMPTY_BODY = YES;
				CLANG_WARN_ENUM_CONVERSION = YES;
				CLANG_WARN_INFINITE_RECURSION = YES;
				CLANG_WARN_INT_CONVERSION = YES;
				CLANG_WARN_NON_LITERAL_NULL_CONVERSION = YES;
				CLANG_WARN_OBJC_IMPLICIT_RETAIN_SELF = YES;
				CLANG_WARN_OBJC_LITERAL_CONVERSION = YES;
				CLANG_WARN_OBJC_ROOT_CLASS = YES_ERROR;
				CLANG_WARN_QUOTED_INCLUDE_IN_FRAMEWORK_HEADER = YES;
				CLANG_WARN_RANGE_LOOP_ANALYSIS = YES;
				CLANG_WARN_STRICT_PROTOTYPES = YES;
				CLANG_WARN_SUSPICIOUS_MOVE = YES;
				CLANG_WARN_UNGUARDED_AVAILABILITY = YES_AGGRESSIVE;
				CLANG_WARN_UNREACHABLE_CODE = YES;
				CLANG_WARN__DUPLICATE_METHOD_MATCH = YES;
				COPY_PHASE_STRIP = NO;
				DEBUG_INFORMATION_FORMAT = "dwarf-with-dsym";
				ENABLE_NS_ASSERTIONS = NO;
				ENABLE_STRICT_OBJC_MSGSEND = YES;
				GCC_C_LANGUAGE_STANDARD = gnu11;
				GCC_NO_COMMON_BLOCKS = YES;
				GCC_WARN_64_TO_32_BIT_CONVERSION = YES;
				GCC_WARN_ABOUT_RETURN_TYPE = YES_ERROR;
				GCC_WARN_UNDECLARED_SELECTOR = YES;
				GCC_WARN_UNINITIALIZED_AUTOS = YES_AGGRESSIVE;
				GCC_WARN_UNUSED_FUNCTION = YES;
				GCC_WARN_UNUSED_VARIABLE = YES;
				IPHONEOS_DEPLOYMENT_TARGET = 16.1;
				MTL_ENABLE_DEBUG_INFO = NO;
				MTL_FAST_MATH = YES;
				SDKROOT = iphoneos;
				SWIFT_COMPILATION_MODE = wholemodule;
				SWIFT_OPTIMIZATION_LEVEL = "-O";
				VALIDATE_PRODUCT = YES;
			};
			name = Release;
		};
		4F2F3A2F29A95A73009A82A8 /* Debug */ = {
			isa = XCBuildConfiguration;
			buildSettings = {
				ASSETCATALOG_COMPILER_APPICON_NAME = AppIcon;
				ASSETCATALOG_COMPILER_GLOBAL_ACCENT_COLOR_NAME = AccentColor;
				CODE_SIGN_STYLE = Automatic;
				CURRENT_PROJECT_VERSION = 1;
				DEVELOPMENT_TEAM = QZ9D9SCT88;
				GENERATE_INFOPLIST_FILE = YES;
				INFOPLIST_FILE = TESTARCH/Info.plist;
				INFOPLIST_KEY_UIApplicationSupportsIndirectInputEvents = YES;
				INFOPLIST_KEY_UILaunchStoryboardName = LaunchScreen.storyboard;
				INFOPLIST_KEY_UIMainStoryboardFile = "";
				INFOPLIST_KEY_UISupportedInterfaceOrientations = UIInterfaceOrientationPortrait;
				LD_RUNPATH_SEARCH_PATHS = (
					"$(inherited)",
					"@executable_path/Frameworks",
				);
				MARKETING_VERSION = 1.0;
				PRODUCT_BUNDLE_IDENTIFIER = lidiaev.TESTARCH;
				PRODUCT_NAME = "$(TARGET_NAME)";
				SUPPORTED_PLATFORMS = "iphoneos iphonesimulator";
				SUPPORTS_MACCATALYST = NO;
				SUPPORTS_MAC_DESIGNED_FOR_IPHONE_IPAD = NO;
				SWIFT_EMIT_LOC_STRINGS = YES;
				SWIFT_VERSION = 5.0;
				TARGETED_DEVICE_FAMILY = "1,2";
			};
			name = Debug;
		};
		4F2F3A3029A95A73009A82A8 /* Release */ = {
			isa = XCBuildConfiguration;
			buildSettings = {
				ASSETCATALOG_COMPILER_APPICON_NAME = AppIcon;
				ASSETCATALOG_COMPILER_GLOBAL_ACCENT_COLOR_NAME = AccentColor;
				CODE_SIGN_STYLE = Automatic;
				CURRENT_PROJECT_VERSION = 1;
				DEVELOPMENT_TEAM = QZ9D9SCT88;
				GENERATE_INFOPLIST_FILE = YES;
				INFOPLIST_FILE = TESTARCH/Info.plist;
				INFOPLIST_KEY_UIApplicationSupportsIndirectInputEvents = YES;
				INFOPLIST_KEY_UILaunchStoryboardName = LaunchScreen.storyboard;
				INFOPLIST_KEY_UIMainStoryboardFile = "";
				INFOPLIST_KEY_UISupportedInterfaceOrientations = UIInterfaceOrientationPortrait;
				LD_RUNPATH_SEARCH_PATHS = (
					"$(inherited)",
					"@executable_path/Frameworks",
				);
				MARKETING_VERSION = 1.0;
				PRODUCT_BUNDLE_IDENTIFIER = lidiaev.TESTARCH;
				PRODUCT_NAME = "$(TARGET_NAME)";
				SUPPORTED_PLATFORMS = "iphoneos iphonesimulator";
				SUPPORTS_MACCATALYST = NO;
				SUPPORTS_MAC_DESIGNED_FOR_IPHONE_IPAD = NO;
				SWIFT_EMIT_LOC_STRINGS = YES;
				SWIFT_VERSION = 5.0;
				TARGETED_DEVICE_FAMILY = "1,2";
			};
			name = Release;
		};
/* End XCBuildConfiguration section */

/* Begin XCConfigurationList section */
		4F2F3A1529A95A71009A82A8 /* Build configuration list for PBXProject "TESTARCH" */ = {
			isa = XCConfigurationList;
			buildConfigurations = (
				4F2F3A2C29A95A73009A82A8 /* Debug */,
				4F2F3A2D29A95A73009A82A8 /* Release */,
			);
			defaultConfigurationIsVisible = 0;
			defaultConfigurationName = Release;
		};
		4F2F3A2E29A95A73009A82A8 /* Build configuration list for PBXNativeTarget "TESTARCH" */ = {
			isa = XCConfigurationList;
			buildConfigurations = (
				4F2F3A2F29A95A73009A82A8 /* Debug */,
				4F2F3A3029A95A73009A82A8 /* Release */,
			);
			defaultConfigurationIsVisible = 0;
			defaultConfigurationName = Release;
		};
/* End XCConfigurationList section */

/* Begin XCSwiftPackageProductDependency section */
		4F15A4C029E825EF004085C4 /* HomeScreen */ = {
			isa = XCSwiftPackageProductDependency;
			productName = HomeScreen;
		};
/* End XCSwiftPackageProductDependency section */
	};
	rootObject = 4F2F3A1229A95A71009A82A8 /* Project object */;
}
